
Microsoft Visual Studio Solution File, Format Version 12.00
# Visual Studio Version 16
VisualStudioVersion = 16.0.31729.503
MinimumVisualStudioVersion = 10.0.40219.1
Project("{FAE04EC0-301F-11D3-BF4B-00C04F79EFBC}") = "Activity3", "Activity3.csproj", "{676504A0-5B39-481C-ADCD-8DA9A27438F1}"
EndProject
Project("{FAE04EC0-301F-11D3-BF4B-00C04F79EFBC}") = "Activity3.Tests", "..\Activity3.Tests\Activity3.Tests.csproj", "{70DC6727-02EF-4945-95D0-C88F5F21AE52}"
EndProject
Global
	GlobalSection(SolutionConfigurationPlatforms) = preSolution
		Debug|Any CPU = Debug|Any CPU
		Release|Any CPU = Release|Any CPU
	EndGlobalSection
	GlobalSection(ProjectConfigurationPlatforms) = postSolution
		{676504A0-5B39-481C-ADCD-8DA9A27438F1}.Debug|Any CPU.ActiveCfg = Debug|Any CPU
		{676504A0-5B39-481C-ADCD-8DA9A27438F1}.Debug|Any CPU.Build.0 = Debug|Any CPU
		{676504A0-5B39-481C-ADCD-8DA9A27438F1}.Release|Any CPU.ActiveCfg = Release|Any CPU
		{676504A0-5B39-481C-ADCD-8DA9A27438F1}.Release|Any CPU.Build.0 = Release|Any CPU
		{70DC6727-02EF-4945-95D0-C88F5F21AE52}.Debug|Any CPU.ActiveCfg = Debug|Any CPU
		{70DC6727-02EF-4945-95D0-C88F5F21AE52}.Debug|Any CPU.Build.0 = Debug|Any CPU
		{70DC6727-02EF-4945-95D0-C88F5F21AE52}.Release|Any CPU.ActiveCfg = Release|Any CPU
		{70DC6727-02EF-4945-95D0-C88F5F21AE52}.Release|Any CPU.Build.0 = Release|Any CPU
	EndGlobalSection
	GlobalSection(SolutionProperties) = preSolution
		HideSolutionNode = FALSE
	EndGlobalSection
	GlobalSection(ExtensibilityGlobals) = postSolution
		SolutionGuid = {750A475A-021E-4836-89AF-0663A08A91EA}
	EndGlobalSection
EndGlobal
