
Microsoft Visual Studio Solution File, Format Version 12.00
# Visual Studio Version 16
VisualStudioVersion = 16.0.31729.503
MinimumVisualStudioVersion = 10.0.40219.1
Project("{9A19103F-16F7-4668-BE54-9A1E7A4F7556}") = "Demo", "Demo.csproj", "{47943DEC-0234-4728-8A59-9840C927B5B3}"
EndProject
Project("{9A19103F-16F7-4668-BE54-9A1E7A4F7556}") = "Demo11112021", "..\Demo11112021\Demo11112021.csproj", "{94C75DAE-68FA-47E3-9701-345723CCE348}"
EndProject
Project("{9A19103F-16F7-4668-BE54-9A1E7A4F7556}") = "Demo15112021", "..\Demo15112021\Demo15112021.csproj", "{F75D8DA8-50AB-469B-A79F-9C5C78B2B07E}"
EndProject
Project("{9A19103F-16F7-4668-BE54-9A1E7A4F7556}") = "Demo17112021", "..\Demo17112021\Demo17112021.csproj", "{98B9940D-067C-4E56-AF97-D76612D5B5C5}"
EndProject
Project("{9A19103F-16F7-4668-BE54-9A1E7A4F7556}") = "Demo20112021", "..\Demo20112021\Demo20112021.csproj", "{D1217665-0DCC-4713-8C14-8B17465E75B1}"
EndProject
Project("{9A19103F-16F7-4668-BE54-9A1E7A4F7556}") = "Demo22112021", "..\Demo22112021\Demo22112021.csproj", "{AA179591-4B79-41D4-995F-E1BA22C076F5}"
EndProject
Project("{9A19103F-16F7-4668-BE54-9A1E7A4F7556}") = "Demo24112021", "..\Demo24112021\Demo24112021.csproj", "{A92DBE78-72B1-4F22-A22B-DA0BCAA915DD}"
EndProject
Project("{9A19103F-16F7-4668-BE54-9A1E7A4F7556}") = "Demo25112021", "..\Demo25112021\Demo25112021.csproj", "{D42807CC-CB02-417E-857F-C89ECB329D16}"
EndProject
Project("{FAE04EC0-301F-11D3-BF4B-00C04F79EFBC}") = "Demo27112021", "..\Demo27112021\Demo27112021.csproj", "{57085C95-B08D-4676-9DD8-7CD28A7A6039}"
EndProject
Global
	GlobalSection(SolutionConfigurationPlatforms) = preSolution
		Debug|Any CPU = Debug|Any CPU
		Release|Any CPU = Release|Any CPU
	EndGlobalSection
	GlobalSection(ProjectConfigurationPlatforms) = postSolution
		{47943DEC-0234-4728-8A59-9840C927B5B3}.Debug|Any CPU.ActiveCfg = Debug|Any CPU
		{47943DEC-0234-4728-8A59-9840C927B5B3}.Debug|Any CPU.Build.0 = Debug|Any CPU
		{47943DEC-0234-4728-8A59-9840C927B5B3}.Release|Any CPU.ActiveCfg = Release|Any CPU
		{47943DEC-0234-4728-8A59-9840C927B5B3}.Release|Any CPU.Build.0 = Release|Any CPU
		{94C75DAE-68FA-47E3-9701-345723CCE348}.Debug|Any CPU.ActiveCfg = Debug|Any CPU
		{94C75DAE-68FA-47E3-9701-345723CCE348}.Debug|Any CPU.Build.0 = Debug|Any CPU
		{94C75DAE-68FA-47E3-9701-345723CCE348}.Release|Any CPU.ActiveCfg = Release|Any CPU
		{94C75DAE-68FA-47E3-9701-345723CCE348}.Release|Any CPU.Build.0 = Release|Any CPU
		{F75D8DA8-50AB-469B-A79F-9C5C78B2B07E}.Debug|Any CPU.ActiveCfg = Debug|Any CPU
		{F75D8DA8-50AB-469B-A79F-9C5C78B2B07E}.Debug|Any CPU.Build.0 = Debug|Any CPU
		{F75D8DA8-50AB-469B-A79F-9C5C78B2B07E}.Release|Any CPU.ActiveCfg = Release|Any CPU
		{F75D8DA8-50AB-469B-A79F-9C5C78B2B07E}.Release|Any CPU.Build.0 = Release|Any CPU
		{98B9940D-067C-4E56-AF97-D76612D5B5C5}.Debug|Any CPU.ActiveCfg = Debug|Any CPU
		{98B9940D-067C-4E56-AF97-D76612D5B5C5}.Debug|Any CPU.Build.0 = Debug|Any CPU
		{98B9940D-067C-4E56-AF97-D76612D5B5C5}.Release|Any CPU.ActiveCfg = Release|Any CPU
		{98B9940D-067C-4E56-AF97-D76612D5B5C5}.Release|Any CPU.Build.0 = Release|Any CPU
		{D1217665-0DCC-4713-8C14-8B17465E75B1}.Debug|Any CPU.ActiveCfg = Debug|Any CPU
		{D1217665-0DCC-4713-8C14-8B17465E75B1}.Debug|Any CPU.Build.0 = Debug|Any CPU
		{D1217665-0DCC-4713-8C14-8B17465E75B1}.Release|Any CPU.ActiveCfg = Release|Any CPU
		{D1217665-0DCC-4713-8C14-8B17465E75B1}.Release|Any CPU.Build.0 = Release|Any CPU
		{AA179591-4B79-41D4-995F-E1BA22C076F5}.Debug|Any CPU.ActiveCfg = Debug|Any CPU
		{AA179591-4B79-41D4-995F-E1BA22C076F5}.Debug|Any CPU.Build.0 = Debug|Any CPU
		{AA179591-4B79-41D4-995F-E1BA22C076F5}.Release|Any CPU.ActiveCfg = Release|Any CPU
		{AA179591-4B79-41D4-995F-E1BA22C076F5}.Release|Any CPU.Build.0 = Release|Any CPU
		{A92DBE78-72B1-4F22-A22B-DA0BCAA915DD}.Debug|Any CPU.ActiveCfg = Debug|Any CPU
		{A92DBE78-72B1-4F22-A22B-DA0BCAA915DD}.Debug|Any CPU.Build.0 = Debug|Any CPU
		{A92DBE78-72B1-4F22-A22B-DA0BCAA915DD}.Release|Any CPU.ActiveCfg = Release|Any CPU
		{A92DBE78-72B1-4F22-A22B-DA0BCAA915DD}.Release|Any CPU.Build.0 = Release|Any CPU
		{D42807CC-CB02-417E-857F-C89ECB329D16}.Debug|Any CPU.ActiveCfg = Debug|Any CPU
		{D42807CC-CB02-417E-857F-C89ECB329D16}.Debug|Any CPU.Build.0 = Debug|Any CPU
		{D42807CC-CB02-417E-857F-C89ECB329D16}.Release|Any CPU.ActiveCfg = Release|Any CPU
		{D42807CC-CB02-417E-857F-C89ECB329D16}.Release|Any CPU.Build.0 = Release|Any CPU
		{57085C95-B08D-4676-9DD8-7CD28A7A6039}.Debug|Any CPU.ActiveCfg = Debug|Any CPU
		{57085C95-B08D-4676-9DD8-7CD28A7A6039}.Debug|Any CPU.Build.0 = Debug|Any CPU
		{57085C95-B08D-4676-9DD8-7CD28A7A6039}.Release|Any CPU.ActiveCfg = Release|Any CPU
		{57085C95-B08D-4676-9DD8-7CD28A7A6039}.Release|Any CPU.Build.0 = Release|Any CPU
	EndGlobalSection
	GlobalSection(SolutionProperties) = preSolution
		HideSolutionNode = FALSE
	EndGlobalSection
	GlobalSection(ExtensibilityGlobals) = postSolution
		SolutionGuid = {07972882-A211-40CE-9702-5E3832398390}
	EndGlobalSection
EndGlobal
