
Microsoft Visual Studio Solution File, Format Version 12.00
# Visual Studio Version 16
VisualStudioVersion = 16.0.31624.102
MinimumVisualStudioVersion = 10.0.40219.1
Project("{9A19103F-16F7-4668-BE54-9A1E7A4F7556}") = "Activity1", "Activity1.csproj", "{BC8198D0-076A-41F7-9F35-2F756B36140B}"
EndProject
Project("{FAE04EC0-301F-11D3-BF4B-00C04F79EFBC}") = "Activity1.Tests", "..\Activity1.Tests\Activity1.Tests.csproj", "{34E14979-A185-47FF-8203-317F52168A62}"
EndProject
Global
	GlobalSection(SolutionConfigurationPlatforms) = preSolution
		Debug|Any CPU = Debug|Any CPU
		Release|Any CPU = Release|Any CPU
	EndGlobalSection
	GlobalSection(ProjectConfigurationPlatforms) = postSolution
		{BC8198D0-076A-41F7-9F35-2F756B36140B}.Debug|Any CPU.ActiveCfg = Debug|Any CPU
		{BC8198D0-076A-41F7-9F35-2F756B36140B}.Debug|Any CPU.Build.0 = Debug|Any CPU
		{BC8198D0-076A-41F7-9F35-2F756B36140B}.Release|Any CPU.ActiveCfg = Release|Any CPU
		{BC8198D0-076A-41F7-9F35-2F756B36140B}.Release|Any CPU.Build.0 = Release|Any CPU
		{34E14979-A185-47FF-8203-317F52168A62}.Debug|Any CPU.ActiveCfg = Debug|Any CPU
		{34E14979-A185-47FF-8203-317F52168A62}.Debug|Any CPU.Build.0 = Debug|Any CPU
		{34E14979-A185-47FF-8203-317F52168A62}.Release|Any CPU.ActiveCfg = Release|Any CPU
		{34E14979-A185-47FF-8203-317F52168A62}.Release|Any CPU.Build.0 = Release|Any CPU
	EndGlobalSection
	GlobalSection(SolutionProperties) = preSolution
		HideSolutionNode = FALSE
	EndGlobalSection
	GlobalSection(ExtensibilityGlobals) = postSolution
		SolutionGuid = {B127D7EE-2A4B-4702-9AC7-8CC9AD2F753F}
	EndGlobalSection
EndGlobal
