
Microsoft Visual Studio Solution File, Format Version 12.00
# Visual Studio Version 16
VisualStudioVersion = 16.0.31624.102
MinimumVisualStudioVersion = 10.0.40219.1
Project("{FAE04EC0-301F-11D3-BF4B-00C04F79EFBC}") = "Activity1", "Activity1.csproj", "{B8613B02-2C63-496D-A3A5-FD9050D17AD2}"
EndProject
Global
	GlobalSection(SolutionConfigurationPlatforms) = preSolution
		Debug|Any CPU = Debug|Any CPU
		Release|Any CPU = Release|Any CPU
	EndGlobalSection
	GlobalSection(ProjectConfigurationPlatforms) = postSolution
		{B8613B02-2C63-496D-A3A5-FD9050D17AD2}.Debug|Any CPU.ActiveCfg = Debug|Any CPU
		{B8613B02-2C63-496D-A3A5-FD9050D17AD2}.Debug|Any CPU.Build.0 = Debug|Any CPU
		{B8613B02-2C63-496D-A3A5-FD9050D17AD2}.Release|Any CPU.ActiveCfg = Release|Any CPU
		{B8613B02-2C63-496D-A3A5-FD9050D17AD2}.Release|Any CPU.Build.0 = Release|Any CPU
	EndGlobalSection
	GlobalSection(SolutionProperties) = preSolution
		HideSolutionNode = FALSE
	EndGlobalSection
	GlobalSection(ExtensibilityGlobals) = postSolution
		SolutionGuid = {39646E9E-F013-4999-A8FA-B5A287F06512}
	EndGlobalSection
EndGlobal
